// !$*UTF8*$!
{
	archiveVersion = 1;
	classes = {
	};
	objectVersion = 48;
	objects = {

/* Begin PBXBuildFile section */
		C71F15951FF1FABD007775A1 /* AppDelegate.m in Sources */ = {isa = PBXBuildFile; fileRef = C71F15941FF1FABD007775A1 /* AppDelegate.m */; };
		C71F15981FF1FABD007775A1 /* ViewController.m in Sources */ = {isa = PBXBuildFile; fileRef = C71F15971FF1FABD007775A1 /* ViewController.m */; };
		C71F159B1FF1FABD007775A1 /* Main.storyboard in Resources */ = {isa = PBXBuildFile; fileRef = C71F15991FF1FABD007775A1 /* Main.storyboard */; };
		C71F159D1FF1FABD007775A1 /* Assets.xcassets in Resources */ = {isa = PBXBuildFile; fileRef = C71F159C1FF1FABD007775A1 /* Assets.xcassets */; };
		C71F15A01FF1FABD007775A1 /* LaunchScreen.storyboard in Resources */ = {isa = PBXBuildFile; fileRef = C71F159E1FF1FABD007775A1 /* LaunchScreen.storyboard */; };
		C71F15A31FF1FABD007775A1 /* main.m in Sources */ = {isa = PBXBuildFile; fileRef = C71F15A21FF1FABD007775A1 /* main.m */; };
		C71F15B21FF1FB66007775A1 /* KeyboardViewController.m in Sources */ = {isa = PBXBuildFile; fileRef = C71F15B11FF1FB66007775A1 /* KeyboardViewController.m */; };
		C71F15B61FF1FB66007775A1 /* k0.appex in Embed App Extensions */ = {isa = PBXBuildFile; fileRef = C71F15AE1FF1FB66007775A1 /* k0.appex */; settings = {ATTRIBUTES = (RemoveHeadersOnCopy, ); }; };
		C71F15BF1FF213D7007775A1 /* SettingCell.m in Sources */ = {isa = PBXBuildFile; fileRef = C71F15BE1FF213D7007775A1 /* SettingCell.m */; };
		C783221F1FF4358000C62C56 /* KeyButton.m in Sources */ = {isa = PBXBuildFile; fileRef = C783221E1FF4358000C62C56 /* KeyButton.m */; };
		C7F147231FFB75E6003E4EE6 /* deleteIcon.png in Resources */ = {isa = PBXBuildFile; fileRef = C7F147221FFB75E5003E4EE6 /* deleteIcon.png */; };
/* End PBXBuildFile section */

/* Begin PBXContainerItemProxy section */
		C71F15B41FF1FB66007775A1 /* PBXContainerItemProxy */ = {
			isa = PBXContainerItemProxy;
			containerPortal = C71F15881FF1FABD007775A1 /* Project object */;
			proxyType = 1;
			remoteGlobalIDString = C71F15AD1FF1FB66007775A1;
			remoteInfo = k0;
		};
/* End PBXContainerItemProxy section */

/* Begin PBXCopyFilesBuildPhase section */
		C71F15BA1FF1FB66007775A1 /* Embed App Extensions */ = {
			isa = PBXCopyFilesBuildPhase;
			buildActionMask = 2147483647;
			dstPath = "";
			dstSubfolderSpec = 13;
			files = (
				C71F15B61FF1FB66007775A1 /* k0.appex in Embed App Extensions */,
			);
			name = "Embed App Extensions";
			runOnlyForDeploymentPostprocessing = 0;
		};
/* End PBXCopyFilesBuildPhase section */

/* Begin PBXFileReference section */
		C71F15901FF1FABD007775A1 /* KeyNaught.app */ = {isa = PBXFileReference; explicitFileType = wrapper.application; includeInIndex = 0; path = KeyNaught.app; sourceTree = BUILT_PRODUCTS_DIR; };
		C71F15931FF1FABD007775A1 /* AppDelegate.h */ = {isa = PBXFileReference; lastKnownFileType = sourcecode.c.h; path = AppDelegate.h; sourceTree = "<group>"; };
		C71F15941FF1FABD007775A1 /* AppDelegate.m */ = {isa = PBXFileReference; lastKnownFileType = sourcecode.c.objc; path = AppDelegate.m; sourceTree = "<group>"; };
		C71F15961FF1FABD007775A1 /* ViewController.h */ = {isa = PBXFileReference; lastKnownFileType = sourcecode.c.h; path = ViewController.h; sourceTree = "<group>"; };
		C71F15971FF1FABD007775A1 /* ViewController.m */ = {isa = PBXFileReference; lastKnownFileType = sourcecode.c.objc; path = ViewController.m; sourceTree = "<group>"; };
		C71F159A1FF1FABD007775A1 /* Base */ = {isa = PBXFileReference; lastKnownFileType = file.storyboard; name = Base; path = Base.lproj/Main.storyboard; sourceTree = "<group>"; };
		C71F159C1FF1FABD007775A1 /* Assets.xcassets */ = {isa = PBXFileReference; lastKnownFileType = folder.assetcatalog; path = Assets.xcassets; sourceTree = "<group>"; };
		C71F159F1FF1FABD007775A1 /* Base */ = {isa = PBXFileReference; lastKnownFileType = file.storyboard; name = Base; path = Base.lproj/LaunchScreen.storyboard; sourceTree = "<group>"; };
		C71F15A11FF1FABD007775A1 /* Info.plist */ = {isa = PBXFileReference; lastKnownFileType = text.plist.xml; path = Info.plist; sourceTree = "<group>"; };
		C71F15A21FF1FABD007775A1 /* main.m */ = {isa = PBXFileReference; lastKnownFileType = sourcecode.c.objc; path = main.m; sourceTree = "<group>"; };
		C71F15A91FF1FAFF007775A1 /* KeyNaught.entitlements */ = {isa = PBXFileReference; lastKnownFileType = text.plist.entitlements; path = KeyNaught.entitlements; sourceTree = "<group>"; };
		C71F15AE1FF1FB66007775A1 /* k0.appex */ = {isa = PBXFileReference; explicitFileType = "wrapper.app-extension"; includeInIndex = 0; path = k0.appex; sourceTree = BUILT_PRODUCTS_DIR; };
		C71F15B01FF1FB66007775A1 /* KeyboardViewController.h */ = {isa = PBXFileReference; lastKnownFileType = sourcecode.c.h; path = KeyboardViewController.h; sourceTree = "<group>"; };
		C71F15B11FF1FB66007775A1 /* KeyboardViewController.m */ = {isa = PBXFileReference; lastKnownFileType = sourcecode.c.objc; path = KeyboardViewController.m; sourceTree = "<group>"; };
		C71F15B31FF1FB66007775A1 /* Info.plist */ = {isa = PBXFileReference; lastKnownFileType = text.plist.xml; path = Info.plist; sourceTree = "<group>"; };
		C71F15BB1FF1FB6D007775A1 /* k0.entitlements */ = {isa = PBXFileReference; lastKnownFileType = text.plist.entitlements; path = k0.entitlements; sourceTree = "<group>"; };
		C71F15BE1FF213D7007775A1 /* SettingCell.m */ = {isa = PBXFileReference; lastKnownFileType = sourcecode.c.objc; path = SettingCell.m; sourceTree = "<group>"; };
		C71F15C01FF213E6007775A1 /* SettingCell.h */ = {isa = PBXFileReference; lastKnownFileType = sourcecode.c.h; path = SettingCell.h; sourceTree = "<group>"; };
		C783221E1FF4358000C62C56 /* KeyButton.m */ = {isa = PBXFileReference; lastKnownFileType = sourcecode.c.objc; path = KeyButton.m; sourceTree = "<group>"; };
		C78322201FF4359000C62C56 /* KeyButton.h */ = {isa = PBXFileReference; lastKnownFileType = sourcecode.c.h; path = KeyButton.h; sourceTree = "<group>"; };
		C7F147221FFB75E5003E4EE6 /* deleteIcon.png */ = {isa = PBXFileReference; lastKnownFileType = image.png; name = deleteIcon.png; path = ../../../../Downloads/deleteIcon.png; sourceTree = "<group>"; };
/* End PBXFileReference section */

/* Begin PBXFrameworksBuildPhase section */
		C71F158D1FF1FABD007775A1 /* Frameworks */ = {
			isa = PBXFrameworksBuildPhase;
			buildActionMask = 2147483647;
			files = (
			);
			runOnlyForDeploymentPostprocessing = 0;
		};
		C71F15AB1FF1FB66007775A1 /* Frameworks */ = {
			isa = PBXFrameworksBuildPhase;
			buildActionMask = 2147483647;
			files = (
			);
			runOnlyForDeploymentPostprocessing = 0;
		};
/* End PBXFrameworksBuildPhase section */

/* Begin PBXGroup section */
		C71F15871FF1FABD007775A1 = {
			isa = PBXGroup;
			children = (
				C71F15921FF1FABD007775A1 /* KeyNaught */,
				C71F15AF1FF1FB66007775A1 /* k0 */,
				C71F15911FF1FABD007775A1 /* Products */,
			);
			sourceTree = "<group>";
		};
		C71F15911FF1FABD007775A1 /* Products */ = {
			isa = PBXGroup;
			children = (
				C71F15901FF1FABD007775A1 /* KeyNaught.app */,
				C71F15AE1FF1FB66007775A1 /* k0.appex */,
			);
			name = Products;
			sourceTree = "<group>";
		};
		C71F15921FF1FABD007775A1 /* KeyNaught */ = {
			isa = PBXGroup;
			children = (
				C71F15A91FF1FAFF007775A1 /* KeyNaught.entitlements */,
				C71F15931FF1FABD007775A1 /* AppDelegate.h */,
				C71F15941FF1FABD007775A1 /* AppDelegate.m */,
				C71F15961FF1FABD007775A1 /* ViewController.h */,
				C71F15971FF1FABD007775A1 /* ViewController.m */,
				C71F15991FF1FABD007775A1 /* Main.storyboard */,
				C71F159C1FF1FABD007775A1 /* Assets.xcassets */,
				C71F159E1FF1FABD007775A1 /* LaunchScreen.storyboard */,
				C71F15A11FF1FABD007775A1 /* Info.plist */,
				C71F15A21FF1FABD007775A1 /* main.m */,
				C71F15C01FF213E6007775A1 /* SettingCell.h */,
				C71F15BE1FF213D7007775A1 /* SettingCell.m */,
			);
			path = KeyNaught;
			sourceTree = "<group>";
		};
		C71F15AF1FF1FB66007775A1 /* k0 */ = {
			isa = PBXGroup;
			children = (
				C7F147221FFB75E5003E4EE6 /* deleteIcon.png */,
				C71F15BB1FF1FB6D007775A1 /* k0.entitlements */,
				C78322201FF4359000C62C56 /* KeyButton.h */,
				C783221E1FF4358000C62C56 /* KeyButton.m */,
				C71F15B01FF1FB66007775A1 /* KeyboardViewController.h */,
				C71F15B11FF1FB66007775A1 /* KeyboardViewController.m */,
				C71F15B31FF1FB66007775A1 /* Info.plist */,
			);
			path = k0;
			sourceTree = "<group>";
		};
/* End PBXGroup section */

/* Begin PBXNativeTarget section */
		C71F158F1FF1FABD007775A1 /* KeyNaught */ = {
			isa = PBXNativeTarget;
			buildConfigurationList = C71F15A61FF1FABD007775A1 /* Build configuration list for PBXNativeTarget "KeyNaught" */;
			buildPhases = (
				C71F158C1FF1FABD007775A1 /* Sources */,
				C71F158D1FF1FABD007775A1 /* Frameworks */,
				C71F158E1FF1FABD007775A1 /* Resources */,
				C71F15BA1FF1FB66007775A1 /* Embed App Extensions */,
			);
			buildRules = (
			);
			dependencies = (
				C71F15B51FF1FB66007775A1 /* PBXTargetDependency */,
			);
			name = KeyNaught;
			productName = KeyNaught;
			productReference = C71F15901FF1FABD007775A1 /* KeyNaught.app */;
			productType = "com.apple.product-type.application";
		};
		C71F15AD1FF1FB66007775A1 /* k0 */ = {
			isa = PBXNativeTarget;
			buildConfigurationList = C71F15B71FF1FB66007775A1 /* Build configuration list for PBXNativeTarget "k0" */;
			buildPhases = (
				C71F15AA1FF1FB66007775A1 /* Sources */,
				C71F15AB1FF1FB66007775A1 /* Frameworks */,
				C71F15AC1FF1FB66007775A1 /* Resources */,
			);
			buildRules = (
			);
			dependencies = (
			);
			name = k0;
			productName = k0;
			productReference = C71F15AE1FF1FB66007775A1 /* k0.appex */;
			productType = "com.apple.product-type.app-extension";
		};
/* End PBXNativeTarget section */

/* Begin PBXProject section */
		C71F15881FF1FABD007775A1 /* Project object */ = {
			isa = PBXProject;
			attributes = {
				LastUpgradeCheck = 0920;
				ORGANIZATIONNAME = dOOP;
				TargetAttributes = {
					C71F158F1FF1FABD007775A1 = {
						CreatedOnToolsVersion = 9.2;
						ProvisioningStyle = Automatic;
						SystemCapabilities = {
							com.apple.ApplicationGroups.iOS = {
								enabled = 1;
							};
						};
					};
					C71F15AD1FF1FB66007775A1 = {
						CreatedOnToolsVersion = 9.2;
						ProvisioningStyle = Automatic;
						SystemCapabilities = {
							com.apple.ApplicationGroups.iOS = {
								enabled = 1;
							};
						};
					};
				};
			};
			buildConfigurationList = C71F158B1FF1FABD007775A1 /* Build configuration list for PBXProject "KeyNaught" */;
			compatibilityVersion = "Xcode 8.0";
			developmentRegion = en;
			hasScannedForEncodings = 0;
			knownRegions = (
				en,
				Base,
			);
			mainGroup = C71F15871FF1FABD007775A1;
			productRefGroup = C71F15911FF1FABD007775A1 /* Products */;
			projectDirPath = "";
			projectRoot = "";
			targets = (
				C71F158F1FF1FABD007775A1 /* KeyNaught */,
				C71F15AD1FF1FB66007775A1 /* k0 */,
			);
		};
/* End PBXProject section */

/* Begin PBXResourcesBuildPhase section */
		C71F158E1FF1FABD007775A1 /* Resources */ = {
			isa = PBXResourcesBuildPhase;
			buildActionMask = 2147483647;
			files = (
				C71F15A01FF1FABD007775A1 /* LaunchScreen.storyboard in Resources */,
				C71F159D1FF1FABD007775A1 /* Assets.xcassets in Resources */,
				C71F159B1FF1FABD007775A1 /* Main.storyboard in Resources */,
			);
			runOnlyForDeploymentPostprocessing = 0;
		};
		C71F15AC1FF1FB66007775A1 /* Resources */ = {
			isa = PBXResourcesBuildPhase;
			buildActionMask = 2147483647;
			files = (
				C7F147231FFB75E6003E4EE6 /* deleteIcon.png in Resources */,
			);
			runOnlyForDeploymentPostprocessing = 0;
		};
/* End PBXResourcesBuildPhase section */

/* Begin PBXSourcesBuildPhase section */
		C71F158C1FF1FABD007775A1 /* Sources */ = {
			isa = PBXSourcesBuildPhase;
			buildActionMask = 2147483647;
			files = (
				C71F15BF1FF213D7007775A1 /* SettingCell.m in Sources */,
				C71F15981FF1FABD007775A1 /* ViewController.m in Sources */,
				C71F15A31FF1FABD007775A1 /* main.m in Sources */,
				C71F15951FF1FABD007775A1 /* AppDelegate.m in Sources */,
			);
			runOnlyForDeploymentPostprocessing = 0;
		};
		C71F15AA1FF1FB66007775A1 /* Sources */ = {
			isa = PBXSourcesBuildPhase;
			buildActionMask = 2147483647;
			files = (
				C71F15B21FF1FB66007775A1 /* KeyboardViewController.m in Sources */,
				C783221F1FF4358000C62C56 /* KeyButton.m in Sources */,
			);
			runOnlyForDeploymentPostprocessing = 0;
		};
/* End PBXSourcesBuildPhase section */

/* Begin PBXTargetDependency section */
		C71F15B51FF1FB66007775A1 /* PBXTargetDependency */ = {
			isa = PBXTargetDependency;
			target = C71F15AD1FF1FB66007775A1 /* k0 */;
			targetProxy = C71F15B41FF1FB66007775A1 /* PBXContainerItemProxy */;
		};
/* End PBXTargetDependency section */

/* Begin PBXVariantGroup section */
		C71F15991FF1FABD007775A1 /* Main.storyboard */ = {
			isa = PBXVariantGroup;
			children = (
				C71F159A1FF1FABD007775A1 /* Base */,
			);
			name = Main.storyboard;
			sourceTree = "<group>";
		};
		C71F159E1FF1FABD007775A1 /* LaunchScreen.storyboard */ = {
			isa = PBXVariantGroup;
			children = (
				C71F159F1FF1FABD007775A1 /* Base */,
			);
			name = LaunchScreen.storyboard;
			sourceTree = "<group>";
		};
/* End PBXVariantGroup section */

/* Begin XCBuildConfiguration section */
		C71F15A41FF1FABD007775A1 /* Debug */ = {
			isa = XCBuildConfiguration;
			buildSettings = {
				ALWAYS_SEARCH_USER_PATHS = NO;
				CLANG_ANALYZER_NONNULL = YES;
				CLANG_ANALYZER_NUMBER_OBJECT_CONVERSION = YES_AGGRESSIVE;
				CLANG_CXX_LANGUAGE_STANDARD = "gnu++14";
				CLANG_CXX_LIBRARY = "libc++";
				CLANG_ENABLE_MODULES = YES;
				CLANG_ENABLE_OBJC_ARC = YES;
				CLANG_WARN_BLOCK_CAPTURE_AUTORELEASING = YES;
				CLANG_WARN_BOOL_CONVERSION = YES;
				CLANG_WARN_COMMA = YES;
				CLANG_WARN_CONSTANT_CONVERSION = YES;
				CLANG_WARN_DIRECT_OBJC_ISA_USAGE = YES_ERROR;
				CLANG_WARN_DOCUMENTATION_COMMENTS = YES;
				CLANG_WARN_EMPTY_BODY = YES;
				CLANG_WARN_ENUM_CONVERSION = YES;
				CLANG_WARN_INFINITE_RECURSION = YES;
				CLANG_WARN_INT_CONVERSION = YES;
				CLANG_WARN_NON_LITERAL_NULL_CONVERSION = YES;
				CLANG_WARN_OBJC_LITERAL_CONVERSION = YES;
				CLANG_WARN_OBJC_ROOT_CLASS = YES_ERROR;
				CLANG_WARN_RANGE_LOOP_ANALYSIS = YES;
				CLANG_WARN_STRICT_PROTOTYPES = YES;
				CLANG_WARN_SUSPICIOUS_MOVE = YES;
				CLANG_WARN_UNGUARDED_AVAILABILITY = YES_AGGRESSIVE;
				CLANG_WARN_UNREACHABLE_CODE = YES;
				CLANG_WARN__DUPLICATE_METHOD_MATCH = YES;
				CODE_SIGN_IDENTITY = "iPhone Developer";
				COPY_PHASE_STRIP = NO;
				DEBUG_INFORMATION_FORMAT = dwarf;
				ENABLE_STRICT_OBJC_MSGSEND = YES;
				ENABLE_TESTABILITY = YES;
				GCC_C_LANGUAGE_STANDARD = gnu11;
				GCC_DYNAMIC_NO_PIC = NO;
				GCC_NO_COMMON_BLOCKS = YES;
				GCC_OPTIMIZATION_LEVEL = 0;
				GCC_PREPROCESSOR_DEFINITIONS = (
					"DEBUG=1",
					"$(inherited)",
				);
				GCC_WARN_64_TO_32_BIT_CONVERSION = YES;
				GCC_WARN_ABOUT_RETURN_TYPE = YES_ERROR;
				GCC_WARN_UNDECLARED_SELECTOR = YES;
				GCC_WARN_UNINITIALIZED_AUTOS = YES_AGGRESSIVE;
				GCC_WARN_UNUSED_FUNCTION = YES;
				GCC_WARN_UNUSED_VARIABLE = YES;
				IPHONEOS_DEPLOYMENT_TARGET = 11.2;
				MTL_ENABLE_DEBUG_INFO = YES;
				ONLY_ACTIVE_ARCH = YES;
				SDKROOT = iphoneos;
			};
			name = Debug;
		};
		C71F15A51FF1FABD007775A1 /* Release */ = {
			isa = XCBuildConfiguration;
			buildSettings = {
				ALWAYS_SEARCH_USER_PATHS = NO;
				CLANG_ANALYZER_NONNULL = YES;
				CLANG_ANALYZER_NUMBER_OBJECT_CONVERSION = YES_AGGRESSIVE;
				CLANG_CXX_LANGUAGE_STANDARD = "gnu++14";
				CLANG_CXX_LIBRARY = "libc++";
				CLANG_ENABLE_MODULES = YES;
				CLANG_ENABLE_OBJC_ARC = YES;
				CLANG_WARN_BLOCK_CAPTURE_AUTORELEASING = YES;
				CLANG_WARN_BOOL_CONVERSION = YES;
				CLANG_WARN_COMMA = YES;
				CLANG_WARN_CONSTANT_CONVERSION = YES;
				CLANG_WARN_DIRECT_OBJC_ISA_USAGE = YES_ERROR;
				CLANG_WARN_DOCUMENTATION_COMMENTS = YES;
				CLANG_WARN_EMPTY_BODY = YES;
				CLANG_WARN_ENUM_CONVERSION = YES;
				CLANG_WARN_INFINITE_RECURSION = YES;
				CLANG_WARN_INT_CONVERSION = YES;
				CLANG_WARN_NON_LITERAL_NULL_CONVERSION = YES;
				CLANG_WARN_OBJC_LITERAL_CONVERSION = YES;
				CLANG_WARN_OBJC_ROOT_CLASS = YES_ERROR;
				CLANG_WARN_RANGE_LOOP_ANALYSIS = YES;
				CLANG_WARN_STRICT_PROTOTYPES = YES;
				CLANG_WARN_SUSPICIOUS_MOVE = YES;
				CLANG_WARN_UNGUARDED_AVAILABILITY = YES_AGGRESSIVE;
				CLANG_WARN_UNREACHABLE_CODE = YES;
				CLANG_WARN__DUPLICATE_METHOD_MATCH = YES;
				CODE_SIGN_IDENTITY = "iPhone Developer";
				COPY_PHASE_STRIP = NO;
				DEBUG_INFORMATION_FORMAT = "dwarf-with-dsym";
				ENABLE_NS_ASSERTIONS = NO;
				ENABLE_STRICT_OBJC_MSGSEND = YES;
				GCC_C_LANGUAGE_STANDARD = gnu11;
				GCC_NO_COMMON_BLOCKS = YES;
				GCC_WARN_64_TO_32_BIT_CONVERSION = YES;
				GCC_WARN_ABOUT_RETURN_TYPE = YES_ERROR;
				GCC_WARN_UNDECLARED_SELECTOR = YES;
				GCC_WARN_UNINITIALIZED_AUTOS = YES_AGGRESSIVE;
				GCC_WARN_UNUSED_FUNCTION = YES;
				GCC_WARN_UNUSED_VARIABLE = YES;
				IPHONEOS_DEPLOYMENT_TARGET = 11.2;
				MTL_ENABLE_DEBUG_INFO = NO;
				SDKROOT = iphoneos;
				VALIDATE_PRODUCT = YES;
			};
			name = Release;
		};
		C71F15A71FF1FABD007775A1 /* Debug */ = {
			isa = XCBuildConfiguration;
			buildSettings = {
				ASSETCATALOG_COMPILER_APPICON_NAME = AppIcon;
				CODE_SIGN_ENTITLEMENTS = KeyNaught/KeyNaught.entitlements;
				CODE_SIGN_STYLE = Automatic;
				DEVELOPMENT_TEAM = GT3T8SC6QU;
				INFOPLIST_FILE = KeyNaught/Info.plist;
				LD_RUNPATH_SEARCH_PATHS = "$(inherited) @executable_path/Frameworks";
				PRODUCT_BUNDLE_IDENTIFIER = com.doop.KeyNaught;
				PRODUCT_NAME = "$(TARGET_NAME)";
				TARGETED_DEVICE_FAMILY = "1,2";
			};
			name = Debug;
		};
		C71F15A81FF1FABD007775A1 /* Release */ = {
			isa = XCBuildConfiguration;
			buildSettings = {
				ASSETCATALOG_COMPILER_APPICON_NAME = AppIcon;
				CODE_SIGN_ENTITLEMENTS = KeyNaught/KeyNaught.entitlements;
				CODE_SIGN_STYLE = Automatic;
				DEVELOPMENT_TEAM = GT3T8SC6QU;
				INFOPLIST_FILE = KeyNaught/Info.plist;
				LD_RUNPATH_SEARCH_PATHS = "$(inherited) @executable_path/Frameworks";
				PRODUCT_BUNDLE_IDENTIFIER = com.doop.KeyNaught;
				PRODUCT_NAME = "$(TARGET_NAME)";
				TARGETED_DEVICE_FAMILY = "1,2";
			};
			name = Release;
		};
		C71F15B81FF1FB66007775A1 /* Debug */ = {
			isa = XCBuildConfiguration;
			buildSettings = {
				CODE_SIGN_ENTITLEMENTS = k0/k0.entitlements;
				CODE_SIGN_STYLE = Automatic;
				DEVELOPMENT_TEAM = GT3T8SC6QU;
				INFOPLIST_FILE = k0/Info.plist;
				LD_RUNPATH_SEARCH_PATHS = "$(inherited) @executable_path/Frameworks @executable_path/../../Frameworks";
				PRODUCT_BUNDLE_IDENTIFIER = com.doop.KeyNaught.k0;
				PRODUCT_NAME = "$(TARGET_NAME)";
				SKIP_INSTALL = YES;
				TARGETED_DEVICE_FAMILY = "1,2";
			};
			name = Debug;
		};
		C71F15B91FF1FB66007775A1 /* Release */ = {
			isa = XCBuildConfiguration;
			buildSettings = {
				CODE_SIGN_ENTITLEMENTS = k0/k0.entitlements;
				CODE_SIGN_STYLE = Automatic;
				DEVELOPMENT_TEAM = GT3T8SC6QU;
				INFOPLIST_FILE = k0/Info.plist;
				LD_RUNPATH_SEARCH_PATHS = "$(inherited) @executable_path/Frameworks @executable_path/../../Frameworks";
				PRODUCT_BUNDLE_IDENTIFIER = com.doop.KeyNaught.k0;
				PRODUCT_NAME = "$(TARGET_NAME)";
				SKIP_INSTALL = YES;
				TARGETED_DEVICE_FAMILY = "1,2";
			};
			name = Release;
		};
/* End XCBuildConfiguration section */

/* Begin XCConfigurationList section */
		C71F158B1FF1FABD007775A1 /* Build configuration list for PBXProject "KeyNaught" */ = {
			isa = XCConfigurationList;
			buildConfigurations = (
				C71F15A41FF1FABD007775A1 /* Debug */,
				C71F15A51FF1FABD007775A1 /* Release */,
			);
			defaultConfigurationIsVisible = 0;
			defaultConfigurationName = Release;
		};
		C71F15A61FF1FABD007775A1 /* Build configuration list for PBXNativeTarget "KeyNaught" */ = {
			isa = XCConfigurationList;
			buildConfigurations = (
				C71F15A71FF1FABD007775A1 /* Debug */,
				C71F15A81FF1FABD007775A1 /* Release */,
			);
			defaultConfigurationIsVisible = 0;
			defaultConfigurationName = Release;
		};
		C71F15B71FF1FB66007775A1 /* Build configuration list for PBXNativeTarget "k0" */ = {
			isa = XCConfigurationList;
			buildConfigurations = (
				C71F15B81FF1FB66007775A1 /* Debug */,
				C71F15B91FF1FB66007775A1 /* Release */,
			);
			defaultConfigurationIsVisible = 0;
			defaultConfigurationName = Release;
		};
/* End XCConfigurationList section */
	};
	rootObject = C71F15881FF1FABD007775A1 /* Project object */;
}
